
Microsoft Visual Studio Solution File, Format Version 12.00
# Visual Studio Version 17
VisualStudioVersion = 17.11.35208.52
MinimumVisualStudioVersion = 10.0.40219.1
Project("{FAE04EC0-301F-11D3-BF4B-00C04F79EFBC}") = "RevisaoRetangulo", "RevisaoRetangulo.csproj", "{56A292C9-4C56-4116-A018-1AF8F2CF50DD}"
EndProject
Global
	GlobalSection(SolutionConfigurationPlatforms) = preSolution
		Debug|Any CPU = Debug|Any CPU
		Release|Any CPU = Release|Any CPU
	EndGlobalSection
	GlobalSection(ProjectConfigurationPlatforms) = postSolution
		{56A292C9-4C56-4116-A018-1AF8F2CF50DD}.Debug|Any CPU.ActiveCfg = Debug|Any CPU
		{56A292C9-4C56-4116-A018-1AF8F2CF50DD}.Debug|Any CPU.Build.0 = Debug|Any CPU
		{56A292C9-4C56-4116-A018-1AF8F2CF50DD}.Release|Any CPU.ActiveCfg = Release|Any CPU
		{56A292C9-4C56-4116-A018-1AF8F2CF50DD}.Release|Any CPU.Build.0 = Release|Any CPU
	EndGlobalSection
	GlobalSection(SolutionProperties) = preSolution
		HideSolutionNode = FALSE
	EndGlobalSection
	GlobalSection(ExtensibilityGlobals) = postSolution
		SolutionGuid = {945587B2-4154-4F83-AFC3-D0C647FD0CE1}
	EndGlobalSection
EndGlobal
